
Microsoft Visual Studio Solution File, Format Version 12.00
# Visual Studio Version 17
VisualStudioVersion = 17.7.34202.233
MinimumVisualStudioVersion = 10.0.40219.1
Project("{9A19103F-16F7-4668-BE54-9A1E7A4F7556}") = "AIOtopark", "AIOtopark\AIOtopark.csproj", "{F9E5D92B-8FF6-4EA7-94BF-28D6F12D3C2C}"
	ProjectSection(ProjectDependencies) = postProject
		{4071E278-F9EE-4567-82F0-242C6D5DAF15} = {4071E278-F9EE-4567-82F0-242C6D5DAF15}
		{B96EB92A-6691-49DB-9909-E14BB12EACA2} = {B96EB92A-6691-49DB-9909-E14BB12EACA2}
	EndProjectSection
EndProject
Project("{9A19103F-16F7-4668-BE54-9A1E7A4F7556}") = "SpotsCheckService", "SpotsCheckService\SpotsCheckService.csproj", "{4071E278-F9EE-4567-82F0-242C6D5DAF15}"
EndProject
Project("{FAE04EC0-301F-11D3-BF4B-00C04F79EFBC}") = "FirebaseService", "FirebaseService\FirebaseService.csproj", "{B96EB92A-6691-49DB-9909-E14BB12EACA2}"
EndProject
Global
	GlobalSection(SolutionConfigurationPlatforms) = preSolution
		Debug|Any CPU = Debug|Any CPU
		Release|Any CPU = Release|Any CPU
	EndGlobalSection
	GlobalSection(ProjectConfigurationPlatforms) = postSolution
		{F9E5D92B-8FF6-4EA7-94BF-28D6F12D3C2C}.Debug|Any CPU.ActiveCfg = Debug|Any CPU
		{F9E5D92B-8FF6-4EA7-94BF-28D6F12D3C2C}.Debug|Any CPU.Build.0 = Debug|Any CPU
		{F9E5D92B-8FF6-4EA7-94BF-28D6F12D3C2C}.Release|Any CPU.ActiveCfg = Release|Any CPU
		{F9E5D92B-8FF6-4EA7-94BF-28D6F12D3C2C}.Release|Any CPU.Build.0 = Release|Any CPU
		{4071E278-F9EE-4567-82F0-242C6D5DAF15}.Debug|Any CPU.ActiveCfg = Debug|Any CPU
		{4071E278-F9EE-4567-82F0-242C6D5DAF15}.Debug|Any CPU.Build.0 = Debug|Any CPU
		{4071E278-F9EE-4567-82F0-242C6D5DAF15}.Release|Any CPU.ActiveCfg = Release|Any CPU
		{4071E278-F9EE-4567-82F0-242C6D5DAF15}.Release|Any CPU.Build.0 = Release|Any CPU
		{B96EB92A-6691-49DB-9909-E14BB12EACA2}.Debug|Any CPU.ActiveCfg = Debug|Any CPU
		{B96EB92A-6691-49DB-9909-E14BB12EACA2}.Debug|Any CPU.Build.0 = Debug|Any CPU
		{B96EB92A-6691-49DB-9909-E14BB12EACA2}.Release|Any CPU.ActiveCfg = Release|Any CPU
		{B96EB92A-6691-49DB-9909-E14BB12EACA2}.Release|Any CPU.Build.0 = Release|Any CPU
	EndGlobalSection
	GlobalSection(SolutionProperties) = preSolution
		HideSolutionNode = FALSE
	EndGlobalSection
	GlobalSection(ExtensibilityGlobals) = postSolution
		SolutionGuid = {C21D3719-1A68-4B97-BB31-B0380C9A268F}
	EndGlobalSection
EndGlobal
